
Microsoft Visual Studio Solution File, Format Version 12.00
# Visual Studio Version 16
VisualStudioVersion = 16.0.30503.244
MinimumVisualStudioVersion = 10.0.40219.1
Project("{FAE04EC0-301F-11D3-BF4B-00C04F79EFBC}") = "EnglishVocabulary", "EnglishVocabulary\EnglishVocabulary.csproj", "{1C126719-E805-4D1D-8A21-1B6F91A80D33}"
EndProject
Project("{9A19103F-16F7-4668-BE54-9A1E7A4F7556}") = "EnglishVocabulary.App", "EnglishVocabulary.App\EnglishVocabulary.App.csproj", "{B48E141C-C0FF-4D94-A22B-1168407D61DB}"
EndProject
Project("{9A19103F-16F7-4668-BE54-9A1E7A4F7556}") = "EnglishVocabulary.Domain", "EnglishVocabulary.Domain\EnglishVocabulary.Domain.csproj", "{66AA3015-C112-4A3B-B3DE-9E4EC930A595}"
EndProject
Project("{FAE04EC0-301F-11D3-BF4B-00C04F79EFBC}") = "EnglishVocabulary.Tests", "EnglishVocabulary.Tests\EnglishVocabulary.Tests.csproj", "{CE90DD81-59B4-4B43-9D10-02327D15952B}"
EndProject
Global
	GlobalSection(SolutionConfigurationPlatforms) = preSolution
		Debug|Any CPU = Debug|Any CPU
		Release|Any CPU = Release|Any CPU
	EndGlobalSection
	GlobalSection(ProjectConfigurationPlatforms) = postSolution
		{1C126719-E805-4D1D-8A21-1B6F91A80D33}.Debug|Any CPU.ActiveCfg = Debug|Any CPU
		{1C126719-E805-4D1D-8A21-1B6F91A80D33}.Debug|Any CPU.Build.0 = Debug|Any CPU
		{1C126719-E805-4D1D-8A21-1B6F91A80D33}.Release|Any CPU.ActiveCfg = Release|Any CPU
		{1C126719-E805-4D1D-8A21-1B6F91A80D33}.Release|Any CPU.Build.0 = Release|Any CPU
		{B48E141C-C0FF-4D94-A22B-1168407D61DB}.Debug|Any CPU.ActiveCfg = Debug|Any CPU
		{B48E141C-C0FF-4D94-A22B-1168407D61DB}.Debug|Any CPU.Build.0 = Debug|Any CPU
		{B48E141C-C0FF-4D94-A22B-1168407D61DB}.Release|Any CPU.ActiveCfg = Release|Any CPU
		{B48E141C-C0FF-4D94-A22B-1168407D61DB}.Release|Any CPU.Build.0 = Release|Any CPU
		{66AA3015-C112-4A3B-B3DE-9E4EC930A595}.Debug|Any CPU.ActiveCfg = Debug|Any CPU
		{66AA3015-C112-4A3B-B3DE-9E4EC930A595}.Debug|Any CPU.Build.0 = Debug|Any CPU
		{66AA3015-C112-4A3B-B3DE-9E4EC930A595}.Release|Any CPU.ActiveCfg = Release|Any CPU
		{66AA3015-C112-4A3B-B3DE-9E4EC930A595}.Release|Any CPU.Build.0 = Release|Any CPU
		{CE90DD81-59B4-4B43-9D10-02327D15952B}.Debug|Any CPU.ActiveCfg = Debug|Any CPU
		{CE90DD81-59B4-4B43-9D10-02327D15952B}.Debug|Any CPU.Build.0 = Debug|Any CPU
		{CE90DD81-59B4-4B43-9D10-02327D15952B}.Release|Any CPU.ActiveCfg = Release|Any CPU
		{CE90DD81-59B4-4B43-9D10-02327D15952B}.Release|Any CPU.Build.0 = Release|Any CPU
	EndGlobalSection
	GlobalSection(SolutionProperties) = preSolution
		HideSolutionNode = FALSE
	EndGlobalSection
	GlobalSection(ExtensibilityGlobals) = postSolution
		SolutionGuid = {AEF7E626-5283-4361-8D6B-CF70366682EC}
	EndGlobalSection
EndGlobal
